// !$*UTF8*$!
{
	archiveVersion = 1;
	classes = {
	};
	objectVersion = 46;
	objects = {

/* Begin PBXBuildFile section */
		3DA682B574FBF689A8B9D5DF /* libPods-FyberOffers.a in Frameworks */ = {isa = PBXBuildFile; fileRef = 7CD9484E1A2149A892AB21FD /* libPods-FyberOffers.a */; };
		7DFBE5E91CCE971E00973EAA /* main.m in Sources */ = {isa = PBXBuildFile; fileRef = 7DFBE5E81CCE971E00973EAA /* main.m */; };
		7DFBE5EC1CCE971E00973EAA /* AppDelegate.m in Sources */ = {isa = PBXBuildFile; fileRef = 7DFBE5EB1CCE971E00973EAA /* AppDelegate.m */; };
		7DFBE5F41CCE971E00973EAA /* Assets.xcassets in Resources */ = {isa = PBXBuildFile; fileRef = 7DFBE5F31CCE971E00973EAA /* Assets.xcassets */; };
		7DFBE5F71CCE971E00973EAA /* LaunchScreen.storyboard in Resources */ = {isa = PBXBuildFile; fileRef = 7DFBE5F51CCE971E00973EAA /* LaunchScreen.storyboard */; };
		7DFBE6021CCE971E00973EAA /* FyberOffersTests.m in Sources */ = {isa = PBXBuildFile; fileRef = 7DFBE6011CCE971E00973EAA /* FyberOffersTests.m */; };
		7DFBE60D1CCE971E00973EAA /* FyberOffersUITests.m in Sources */ = {isa = PBXBuildFile; fileRef = 7DFBE60C1CCE971E00973EAA /* FyberOffersUITests.m */; };
		7DFBE6211CCE9F6500973EAA /* AppTheme.m in Sources */ = {isa = PBXBuildFile; fileRef = 7DFBE61C1CCE9F6500973EAA /* AppTheme.m */; };
		7DFBE6221CCE9F6500973EAA /* UIColor+Theme.m in Sources */ = {isa = PBXBuildFile; fileRef = 7DFBE61E1CCE9F6500973EAA /* UIColor+Theme.m */; };
		7DFBE6231CCE9F6500973EAA /* UIFont+Theme.m in Sources */ = {isa = PBXBuildFile; fileRef = 7DFBE6201CCE9F6500973EAA /* UIFont+Theme.m */; };
		7DFBE6291CCE9F7A00973EAA /* Constants.m in Sources */ = {isa = PBXBuildFile; fileRef = 7DFBE6261CCE9F7A00973EAA /* Constants.m */; };
		7DFBE62A1CCE9F7A00973EAA /* Utility.m in Sources */ = {isa = PBXBuildFile; fileRef = 7DFBE6281CCE9F7A00973EAA /* Utility.m */; };
		7DFBE62D1CCEA45900973EAA /* iTunesArtwork in Resources */ = {isa = PBXBuildFile; fileRef = 7DFBE62B1CCEA45900973EAA /* iTunesArtwork */; };
		7DFBE62E1CCEA45900973EAA /* iTunesArtwork@2x in Resources */ = {isa = PBXBuildFile; fileRef = 7DFBE62C1CCEA45900973EAA /* iTunesArtwork@2x */; };
		7DFBE6311CCEA7E700973EAA /* Main.storyboard in Resources */ = {isa = PBXBuildFile; fileRef = 7DFBE6301CCEA7E700973EAA /* Main.storyboard */; };
		7DFBE6341CCEA98500973EAA /* FormsTableViewController.m in Sources */ = {isa = PBXBuildFile; fileRef = 7DFBE6331CCEA98500973EAA /* FormsTableViewController.m */; };
		7DFBE6381CCEAFFB00973EAA /* OfferModel.m in Sources */ = {isa = PBXBuildFile; fileRef = 7DFBE6371CCEAFFB00973EAA /* OfferModel.m */; };
		7DFBE6401CCEB1E400973EAA /* APIClient.m in Sources */ = {isa = PBXBuildFile; fileRef = 7DFBE63B1CCEB1E400973EAA /* APIClient.m */; };
		7DFBE6411CCEB1E400973EAA /* BaseAPI.m in Sources */ = {isa = PBXBuildFile; fileRef = 7DFBE63D1CCEB1E400973EAA /* BaseAPI.m */; };
		7DFBE6421CCEB1E400973EAA /* OffersAPI.m in Sources */ = {isa = PBXBuildFile; fileRef = 7DFBE63F1CCEB1E400973EAA /* OffersAPI.m */; };
		7DFBE6451CCEB8C200973EAA /* FyberCredentialModel.m in Sources */ = {isa = PBXBuildFile; fileRef = 7DFBE6441CCEB8C200973EAA /* FyberCredentialModel.m */; };
/* End PBXBuildFile section */

/* Begin PBXContainerItemProxy section */
		7DFBE5FE1CCE971E00973EAA /* PBXContainerItemProxy */ = {
			isa = PBXContainerItemProxy;
			containerPortal = 7DFBE5DC1CCE971E00973EAA /* Project object */;
			proxyType = 1;
			remoteGlobalIDString = 7DFBE5E31CCE971E00973EAA;
			remoteInfo = FyberOffers;
		};
		7DFBE6091CCE971E00973EAA /* PBXContainerItemProxy */ = {
			isa = PBXContainerItemProxy;
			containerPortal = 7DFBE5DC1CCE971E00973EAA /* Project object */;
			proxyType = 1;
			remoteGlobalIDString = 7DFBE5E31CCE971E00973EAA;
			remoteInfo = FyberOffers;
		};
/* End PBXContainerItemProxy section */

/* Begin PBXFileReference section */
		080CEE9C8E2389BFA8F70AFA /* Pods-FyberOffers.debug.xcconfig */ = {isa = PBXFileReference; includeInIndex = 1; lastKnownFileType = text.xcconfig; name = "Pods-FyberOffers.debug.xcconfig"; path = "Pods/Target Support Files/Pods-FyberOffers/Pods-FyberOffers.debug.xcconfig"; sourceTree = "<group>"; };
		1CA4461EB5055AB73856DA54 /* Pods-FyberOffers.release.xcconfig */ = {isa = PBXFileReference; includeInIndex = 1; lastKnownFileType = text.xcconfig; name = "Pods-FyberOffers.release.xcconfig"; path = "Pods/Target Support Files/Pods-FyberOffers/Pods-FyberOffers.release.xcconfig"; sourceTree = "<group>"; };
		7CD9484E1A2149A892AB21FD /* libPods-FyberOffers.a */ = {isa = PBXFileReference; explicitFileType = archive.ar; includeInIndex = 0; path = "libPods-FyberOffers.a"; sourceTree = BUILT_PRODUCTS_DIR; };
		7DFBE5E41CCE971E00973EAA /* FyberOffers.app */ = {isa = PBXFileReference; explicitFileType = wrapper.application; includeInIndex = 0; path = FyberOffers.app; sourceTree = BUILT_PRODUCTS_DIR; };
		7DFBE5E81CCE971E00973EAA /* main.m */ = {isa = PBXFileReference; lastKnownFileType = sourcecode.c.objc; path = main.m; sourceTree = "<group>"; };
		7DFBE5EA1CCE971E00973EAA /* AppDelegate.h */ = {isa = PBXFileReference; lastKnownFileType = sourcecode.c.h; path = AppDelegate.h; sourceTree = "<group>"; };
		7DFBE5EB1CCE971E00973EAA /* AppDelegate.m */ = {isa = PBXFileReference; lastKnownFileType = sourcecode.c.objc; path = AppDelegate.m; sourceTree = "<group>"; };
		7DFBE5F31CCE971E00973EAA /* Assets.xcassets */ = {isa = PBXFileReference; lastKnownFileType = folder.assetcatalog; path = Assets.xcassets; sourceTree = "<group>"; };
		7DFBE5F61CCE971E00973EAA /* Base */ = {isa = PBXFileReference; lastKnownFileType = file.storyboard; name = Base; path = Base.lproj/LaunchScreen.storyboard; sourceTree = "<group>"; };
		7DFBE5F81CCE971E00973EAA /* Info.plist */ = {isa = PBXFileReference; lastKnownFileType = text.plist.xml; path = Info.plist; sourceTree = "<group>"; };
		7DFBE5FD1CCE971E00973EAA /* FyberOffersTests.xctest */ = {isa = PBXFileReference; explicitFileType = wrapper.cfbundle; includeInIndex = 0; path = FyberOffersTests.xctest; sourceTree = BUILT_PRODUCTS_DIR; };
		7DFBE6011CCE971E00973EAA /* FyberOffersTests.m */ = {isa = PBXFileReference; lastKnownFileType = sourcecode.c.objc; path = FyberOffersTests.m; sourceTree = "<group>"; };
		7DFBE6031CCE971E00973EAA /* Info.plist */ = {isa = PBXFileReference; lastKnownFileType = text.plist.xml; path = Info.plist; sourceTree = "<group>"; };
		7DFBE6081CCE971E00973EAA /* FyberOffersUITests.xctest */ = {isa = PBXFileReference; explicitFileType = wrapper.cfbundle; includeInIndex = 0; path = FyberOffersUITests.xctest; sourceTree = BUILT_PRODUCTS_DIR; };
		7DFBE60C1CCE971E00973EAA /* FyberOffersUITests.m */ = {isa = PBXFileReference; lastKnownFileType = sourcecode.c.objc; path = FyberOffersUITests.m; sourceTree = "<group>"; };
		7DFBE60E1CCE971E00973EAA /* Info.plist */ = {isa = PBXFileReference; lastKnownFileType = text.plist.xml; path = Info.plist; sourceTree = "<group>"; };
		7DFBE61B1CCE9F6500973EAA /* AppTheme.h */ = {isa = PBXFileReference; fileEncoding = 4; lastKnownFileType = sourcecode.c.h; path = AppTheme.h; sourceTree = "<group>"; };
		7DFBE61C1CCE9F6500973EAA /* AppTheme.m */ = {isa = PBXFileReference; fileEncoding = 4; lastKnownFileType = sourcecode.c.objc; path = AppTheme.m; sourceTree = "<group>"; };
		7DFBE61D1CCE9F6500973EAA /* UIColor+Theme.h */ = {isa = PBXFileReference; fileEncoding = 4; lastKnownFileType = sourcecode.c.h; path = "UIColor+Theme.h"; sourceTree = "<group>"; };
		7DFBE61E1CCE9F6500973EAA /* UIColor+Theme.m */ = {isa = PBXFileReference; fileEncoding = 4; lastKnownFileType = sourcecode.c.objc; path = "UIColor+Theme.m"; sourceTree = "<group>"; };
		7DFBE61F1CCE9F6500973EAA /* UIFont+Theme.h */ = {isa = PBXFileReference; fileEncoding = 4; lastKnownFileType = sourcecode.c.h; path = "UIFont+Theme.h"; sourceTree = "<group>"; };
		7DFBE6201CCE9F6500973EAA /* UIFont+Theme.m */ = {isa = PBXFileReference; fileEncoding = 4; lastKnownFileType = sourcecode.c.objc; path = "UIFont+Theme.m"; sourceTree = "<group>"; };
		7DFBE6251CCE9F7A00973EAA /* Constants.h */ = {isa = PBXFileReference; fileEncoding = 4; lastKnownFileType = sourcecode.c.h; path = Constants.h; sourceTree = "<group>"; };
		7DFBE6261CCE9F7A00973EAA /* Constants.m */ = {isa = PBXFileReference; fileEncoding = 4; lastKnownFileType = sourcecode.c.objc; path = Constants.m; sourceTree = "<group>"; };
		7DFBE6271CCE9F7A00973EAA /* Utility.h */ = {isa = PBXFileReference; fileEncoding = 4; lastKnownFileType = sourcecode.c.h; path = Utility.h; sourceTree = "<group>"; };
		7DFBE6281CCE9F7A00973EAA /* Utility.m */ = {isa = PBXFileReference; fileEncoding = 4; lastKnownFileType = sourcecode.c.objc; path = Utility.m; sourceTree = "<group>"; };
		7DFBE62B1CCEA45900973EAA /* iTunesArtwork */ = {isa = PBXFileReference; lastKnownFileType = file; path = iTunesArtwork; sourceTree = "<group>"; };
		7DFBE62C1CCEA45900973EAA /* iTunesArtwork@2x */ = {isa = PBXFileReference; lastKnownFileType = file; path = "iTunesArtwork@2x"; sourceTree = "<group>"; };
		7DFBE6301CCEA7E700973EAA /* Main.storyboard */ = {isa = PBXFileReference; fileEncoding = 4; lastKnownFileType = file.storyboard; path = Main.storyboard; sourceTree = "<group>"; };
		7DFBE6321CCEA98500973EAA /* FormsTableViewController.h */ = {isa = PBXFileReference; fileEncoding = 4; lastKnownFileType = sourcecode.c.h; path = FormsTableViewController.h; sourceTree = "<group>"; };
		7DFBE6331CCEA98500973EAA /* FormsTableViewController.m */ = {isa = PBXFileReference; fileEncoding = 4; lastKnownFileType = sourcecode.c.objc; path = FormsTableViewController.m; sourceTree = "<group>"; };
		7DFBE6361CCEAFFB00973EAA /* OfferModel.h */ = {isa = PBXFileReference; fileEncoding = 4; lastKnownFileType = sourcecode.c.h; path = OfferModel.h; sourceTree = "<group>"; };
		7DFBE6371CCEAFFB00973EAA /* OfferModel.m */ = {isa = PBXFileReference; fileEncoding = 4; lastKnownFileType = sourcecode.c.objc; path = OfferModel.m; sourceTree = "<group>"; };
		7DFBE63A1CCEB1E400973EAA /* APIClient.h */ = {isa = PBXFileReference; fileEncoding = 4; lastKnownFileType = sourcecode.c.h; path = APIClient.h; sourceTree = "<group>"; };
		7DFBE63B1CCEB1E400973EAA /* APIClient.m */ = {isa = PBXFileReference; fileEncoding = 4; lastKnownFileType = sourcecode.c.objc; path = APIClient.m; sourceTree = "<group>"; };
		7DFBE63C1CCEB1E400973EAA /* BaseAPI.h */ = {isa = PBXFileReference; fileEncoding = 4; lastKnownFileType = sourcecode.c.h; path = BaseAPI.h; sourceTree = "<group>"; };
		7DFBE63D1CCEB1E400973EAA /* BaseAPI.m */ = {isa = PBXFileReference; fileEncoding = 4; lastKnownFileType = sourcecode.c.objc; path = BaseAPI.m; sourceTree = "<group>"; };
		7DFBE63E1CCEB1E400973EAA /* OffersAPI.h */ = {isa = PBXFileReference; fileEncoding = 4; lastKnownFileType = sourcecode.c.h; path = OffersAPI.h; sourceTree = "<group>"; };
		7DFBE63F1CCEB1E400973EAA /* OffersAPI.m */ = {isa = PBXFileReference; fileEncoding = 4; lastKnownFileType = sourcecode.c.objc; path = OffersAPI.m; sourceTree = "<group>"; };
		7DFBE6431CCEB8C200973EAA /* FyberCredentialModel.h */ = {isa = PBXFileReference; fileEncoding = 4; lastKnownFileType = sourcecode.c.h; path = FyberCredentialModel.h; sourceTree = "<group>"; };
		7DFBE6441CCEB8C200973EAA /* FyberCredentialModel.m */ = {isa = PBXFileReference; fileEncoding = 4; lastKnownFileType = sourcecode.c.objc; path = FyberCredentialModel.m; sourceTree = "<group>"; };
/* End PBXFileReference section */

/* Begin PBXFrameworksBuildPhase section */
		7DFBE5E11CCE971E00973EAA /* Frameworks */ = {
			isa = PBXFrameworksBuildPhase;
			buildActionMask = 2147483647;
			files = (
				3DA682B574FBF689A8B9D5DF /* libPods-FyberOffers.a in Frameworks */,
			);
			runOnlyForDeploymentPostprocessing = 0;
		};
		7DFBE5FA1CCE971E00973EAA /* Frameworks */ = {
			isa = PBXFrameworksBuildPhase;
			buildActionMask = 2147483647;
			files = (
			);
			runOnlyForDeploymentPostprocessing = 0;
		};
		7DFBE6051CCE971E00973EAA /* Frameworks */ = {
			isa = PBXFrameworksBuildPhase;
			buildActionMask = 2147483647;
			files = (
			);
			runOnlyForDeploymentPostprocessing = 0;
		};
/* End PBXFrameworksBuildPhase section */

/* Begin PBXGroup section */
		11B826572965980B0418783E /* Frameworks */ = {
			isa = PBXGroup;
			children = (
				7CD9484E1A2149A892AB21FD /* libPods-FyberOffers.a */,
			);
			name = Frameworks;
			sourceTree = "<group>";
		};
		7DFBE5DB1CCE971E00973EAA = {
			isa = PBXGroup;
			children = (
				7DFBE5E61CCE971E00973EAA /* FyberOffers */,
				7DFBE6001CCE971E00973EAA /* FyberOffersTests */,
				7DFBE60B1CCE971E00973EAA /* FyberOffersUITests */,
				7DFBE5E51CCE971E00973EAA /* Products */,
				98D7EC0ED402A5A71F70AAEB /* Pods */,
				11B826572965980B0418783E /* Frameworks */,
			);
			sourceTree = "<group>";
		};
		7DFBE5E51CCE971E00973EAA /* Products */ = {
			isa = PBXGroup;
			children = (
				7DFBE5E41CCE971E00973EAA /* FyberOffers.app */,
				7DFBE5FD1CCE971E00973EAA /* FyberOffersTests.xctest */,
				7DFBE6081CCE971E00973EAA /* FyberOffersUITests.xctest */,
			);
			name = Products;
			sourceTree = "<group>";
		};
		7DFBE5E61CCE971E00973EAA /* FyberOffers */ = {
			isa = PBXGroup;
			children = (
				7DFBE6241CCE9F7A00973EAA /* SDK */,
				7DFBE62F1CCEA77900973EAA /* Application */,
				7DFBE5EA1CCE971E00973EAA /* AppDelegate.h */,
				7DFBE5EB1CCE971E00973EAA /* AppDelegate.m */,
				7DFBE5F31CCE971E00973EAA /* Assets.xcassets */,
				7DFBE5F51CCE971E00973EAA /* LaunchScreen.storyboard */,
				7DFBE5F81CCE971E00973EAA /* Info.plist */,
				7DFBE62B1CCEA45900973EAA /* iTunesArtwork */,
				7DFBE62C1CCEA45900973EAA /* iTunesArtwork@2x */,
				7DFBE5E71CCE971E00973EAA /* Supporting Files */,
			);
			path = FyberOffers;
			sourceTree = "<group>";
		};
		7DFBE5E71CCE971E00973EAA /* Supporting Files */ = {
			isa = PBXGroup;
			children = (
				7DFBE5E81CCE971E00973EAA /* main.m */,
			);
			name = "Supporting Files";
			sourceTree = "<group>";
		};
		7DFBE6001CCE971E00973EAA /* FyberOffersTests */ = {
			isa = PBXGroup;
			children = (
				7DFBE6011CCE971E00973EAA /* FyberOffersTests.m */,
				7DFBE6031CCE971E00973EAA /* Info.plist */,
			);
			path = FyberOffersTests;
			sourceTree = "<group>";
		};
		7DFBE60B1CCE971E00973EAA /* FyberOffersUITests */ = {
			isa = PBXGroup;
			children = (
				7DFBE60C1CCE971E00973EAA /* FyberOffersUITests.m */,
				7DFBE60E1CCE971E00973EAA /* Info.plist */,
			);
			path = FyberOffersUITests;
			sourceTree = "<group>";
		};
		7DFBE61A1CCE9F6500973EAA /* Theme */ = {
			isa = PBXGroup;
			children = (
				7DFBE61B1CCE9F6500973EAA /* AppTheme.h */,
				7DFBE61C1CCE9F6500973EAA /* AppTheme.m */,
				7DFBE61D1CCE9F6500973EAA /* UIColor+Theme.h */,
				7DFBE61E1CCE9F6500973EAA /* UIColor+Theme.m */,
				7DFBE61F1CCE9F6500973EAA /* UIFont+Theme.h */,
				7DFBE6201CCE9F6500973EAA /* UIFont+Theme.m */,
			);
			name = Theme;
			path = ../Theme;
			sourceTree = "<group>";
		};
		7DFBE6241CCE9F7A00973EAA /* SDK */ = {
			isa = PBXGroup;
			children = (
				7DFBE6391CCEB17200973EAA /* API */,
				7DFBE6351CCEAD5400973EAA /* Model */,
				7DFBE6251CCE9F7A00973EAA /* Constants.h */,
				7DFBE6261CCE9F7A00973EAA /* Constants.m */,
				7DFBE6271CCE9F7A00973EAA /* Utility.h */,
				7DFBE6281CCE9F7A00973EAA /* Utility.m */,
			);
			name = SDK;
			path = Extras;
			sourceTree = "<group>";
		};
		7DFBE62F1CCEA77900973EAA /* Application */ = {
			isa = PBXGroup;
			children = (
				7DFBE61A1CCE9F6500973EAA /* Theme */,
				7DFBE6301CCEA7E700973EAA /* Main.storyboard */,
				7DFBE6321CCEA98500973EAA /* FormsTableViewController.h */,
				7DFBE6331CCEA98500973EAA /* FormsTableViewController.m */,
			);
			path = Application;
			sourceTree = "<group>";
		};
		7DFBE6351CCEAD5400973EAA /* Model */ = {
			isa = PBXGroup;
			children = (
				7DFBE6361CCEAFFB00973EAA /* OfferModel.h */,
				7DFBE6371CCEAFFB00973EAA /* OfferModel.m */,
				7DFBE6431CCEB8C200973EAA /* FyberCredentialModel.h */,
				7DFBE6441CCEB8C200973EAA /* FyberCredentialModel.m */,
			);
			path = Model;
			sourceTree = "<group>";
		};
		7DFBE6391CCEB17200973EAA /* API */ = {
			isa = PBXGroup;
			children = (
				7DFBE63A1CCEB1E400973EAA /* APIClient.h */,
				7DFBE63B1CCEB1E400973EAA /* APIClient.m */,
				7DFBE63C1CCEB1E400973EAA /* BaseAPI.h */,
				7DFBE63D1CCEB1E400973EAA /* BaseAPI.m */,
				7DFBE63E1CCEB1E400973EAA /* OffersAPI.h */,
				7DFBE63F1CCEB1E400973EAA /* OffersAPI.m */,
			);
			path = API;
			sourceTree = "<group>";
		};
		98D7EC0ED402A5A71F70AAEB /* Pods */ = {
			isa = PBXGroup;
			children = (
				080CEE9C8E2389BFA8F70AFA /* Pods-FyberOffers.debug.xcconfig */,
				1CA4461EB5055AB73856DA54 /* Pods-FyberOffers.release.xcconfig */,
			);
			name = Pods;
			sourceTree = "<group>";
		};
/* End PBXGroup section */

/* Begin PBXNativeTarget section */
		7DFBE5E31CCE971E00973EAA /* FyberOffers */ = {
			isa = PBXNativeTarget;
			buildConfigurationList = 7DFBE6111CCE971E00973EAA /* Build configuration list for PBXNativeTarget "FyberOffers" */;
			buildPhases = (
				32FC7104649DE9ACAD04B963 /* 📦 Check Pods Manifest.lock */,
				7DFBE5E01CCE971E00973EAA /* Sources */,
				7DFBE5E11CCE971E00973EAA /* Frameworks */,
				7DFBE5E21CCE971E00973EAA /* Resources */,
				5578FD4A215B2EE45C5B3758 /* 📦 Embed Pods Frameworks */,
				D1E23E20524E5FC332FB256D /* 📦 Copy Pods Resources */,
			);
			buildRules = (
			);
			dependencies = (
			);
			name = FyberOffers;
			productName = FyberOffers;
			productReference = 7DFBE5E41CCE971E00973EAA /* FyberOffers.app */;
			productType = "com.apple.product-type.application";
		};
		7DFBE5FC1CCE971E00973EAA /* FyberOffersTests */ = {
			isa = PBXNativeTarget;
			buildConfigurationList = 7DFBE6141CCE971E00973EAA /* Build configuration list for PBXNativeTarget "FyberOffersTests" */;
			buildPhases = (
				7DFBE5F91CCE971E00973EAA /* Sources */,
				7DFBE5FA1CCE971E00973EAA /* Frameworks */,
				7DFBE5FB1CCE971E00973EAA /* Resources */,
			);
			buildRules = (
			);
			dependencies = (
				7DFBE5FF1CCE971E00973EAA /* PBXTargetDependency */,
			);
			name = FyberOffersTests;
			productName = FyberOffersTests;
			productReference = 7DFBE5FD1CCE971E00973EAA /* FyberOffersTests.xctest */;
			productType = "com.apple.product-type.bundle.unit-test";
		};
		7DFBE6071CCE971E00973EAA /* FyberOffersUITests */ = {
			isa = PBXNativeTarget;
			buildConfigurationList = 7DFBE6171CCE971E00973EAA /* Build configuration list for PBXNativeTarget "FyberOffersUITests" */;
			buildPhases = (
				7DFBE6041CCE971E00973EAA /* Sources */,
				7DFBE6051CCE971E00973EAA /* Frameworks */,
				7DFBE6061CCE971E00973EAA /* Resources */,
			);
			buildRules = (
			);
			dependencies = (
				7DFBE60A1CCE971E00973EAA /* PBXTargetDependency */,
			);
			name = FyberOffersUITests;
			productName = FyberOffersUITests;
			productReference = 7DFBE6081CCE971E00973EAA /* FyberOffersUITests.xctest */;
			productType = "com.apple.product-type.bundle.ui-testing";
		};
/* End PBXNativeTarget section */

/* Begin PBXProject section */
		7DFBE5DC1CCE971E00973EAA /* Project object */ = {
			isa = PBXProject;
			attributes = {
				LastUpgradeCheck = 0730;
				ORGANIZATIONNAME = "Nabeel Arif";
				TargetAttributes = {
					7DFBE5E31CCE971E00973EAA = {
						CreatedOnToolsVersion = 7.3;
					};
					7DFBE5FC1CCE971E00973EAA = {
						CreatedOnToolsVersion = 7.3;
						TestTargetID = 7DFBE5E31CCE971E00973EAA;
					};
					7DFBE6071CCE971E00973EAA = {
						CreatedOnToolsVersion = 7.3;
						TestTargetID = 7DFBE5E31CCE971E00973EAA;
					};
				};
			};
			buildConfigurationList = 7DFBE5DF1CCE971E00973EAA /* Build configuration list for PBXProject "FyberOffers" */;
			compatibilityVersion = "Xcode 3.2";
			developmentRegion = English;
			hasScannedForEncodings = 0;
			knownRegions = (
				en,
				Base,
			);
			mainGroup = 7DFBE5DB1CCE971E00973EAA;
			productRefGroup = 7DFBE5E51CCE971E00973EAA /* Products */;
			projectDirPath = "";
			projectRoot = "";
			targets = (
				7DFBE5E31CCE971E00973EAA /* FyberOffers */,
				7DFBE5FC1CCE971E00973EAA /* FyberOffersTests */,
				7DFBE6071CCE971E00973EAA /* FyberOffersUITests */,
			);
		};
/* End PBXProject section */

/* Begin PBXResourcesBuildPhase section */
		7DFBE5E21CCE971E00973EAA /* Resources */ = {
			isa = PBXResourcesBuildPhase;
			buildActionMask = 2147483647;
			files = (
				7DFBE5F71CCE971E00973EAA /* LaunchScreen.storyboard in Resources */,
				7DFBE6311CCEA7E700973EAA /* Main.storyboard in Resources */,
				7DFBE62E1CCEA45900973EAA /* iTunesArtwork@2x in Resources */,
				7DFBE5F41CCE971E00973EAA /* Assets.xcassets in Resources */,
				7DFBE62D1CCEA45900973EAA /* iTunesArtwork in Resources */,
			);
			runOnlyForDeploymentPostprocessing = 0;
		};
		7DFBE5FB1CCE971E00973EAA /* Resources */ = {
			isa = PBXResourcesBuildPhase;
			buildActionMask = 2147483647;
			files = (
			);
			runOnlyForDeploymentPostprocessing = 0;
		};
		7DFBE6061CCE971E00973EAA /* Resources */ = {
			isa = PBXResourcesBuildPhase;
			buildActionMask = 2147483647;
			files = (
			);
			runOnlyForDeploymentPostprocessing = 0;
		};
/* End PBXResourcesBuildPhase section */

/* Begin PBXShellScriptBuildPhase section */
		32FC7104649DE9ACAD04B963 /* 📦 Check Pods Manifest.lock */ = {
			isa = PBXShellScriptBuildPhase;
			buildActionMask = 2147483647;
			files = (
			);
			inputPaths = (
			);
			name = "📦 Check Pods Manifest.lock";
			outputPaths = (
			);
			runOnlyForDeploymentPostprocessing = 0;
			shellPath = /bin/sh;
			shellScript = "diff \"${PODS_ROOT}/../Podfile.lock\" \"${PODS_ROOT}/Manifest.lock\" > /dev/null\nif [[ $? != 0 ]] ; then\n    cat << EOM\nerror: The sandbox is not in sync with the Podfile.lock. Run 'pod install' or update your CocoaPods installation.\nEOM\n    exit 1\nfi\n";
			showEnvVarsInLog = 0;
		};
		5578FD4A215B2EE45C5B3758 /* 📦 Embed Pods Frameworks */ = {
			isa = PBXShellScriptBuildPhase;
			buildActionMask = 2147483647;
			files = (
			);
			inputPaths = (
			);
			name = "📦 Embed Pods Frameworks";
			outputPaths = (
			);
			runOnlyForDeploymentPostprocessing = 0;
			shellPath = /bin/sh;
			shellScript = "\"${SRCROOT}/Pods/Target Support Files/Pods-FyberOffers/Pods-FyberOffers-frameworks.sh\"\n";
			showEnvVarsInLog = 0;
		};
		D1E23E20524E5FC332FB256D /* 📦 Copy Pods Resources */ = {
			isa = PBXShellScriptBuildPhase;
			buildActionMask = 2147483647;
			files = (
			);
			inputPaths = (
			);
			name = "📦 Copy Pods Resources";
			outputPaths = (
			);
			runOnlyForDeploymentPostprocessing = 0;
			shellPath = /bin/sh;
			shellScript = "\"${SRCROOT}/Pods/Target Support Files/Pods-FyberOffers/Pods-FyberOffers-resources.sh\"\n";
			showEnvVarsInLog = 0;
		};
/* End PBXShellScriptBuildPhase section */

/* Begin PBXSourcesBuildPhase section */
		7DFBE5E01CCE971E00973EAA /* Sources */ = {
			isa = PBXSourcesBuildPhase;
			buildActionMask = 2147483647;
			files = (
				7DFBE62A1CCE9F7A00973EAA /* Utility.m in Sources */,
				7DFBE6221CCE9F6500973EAA /* UIColor+Theme.m in Sources */,
				7DFBE6231CCE9F6500973EAA /* UIFont+Theme.m in Sources */,
				7DFBE6341CCEA98500973EAA /* FormsTableViewController.m in Sources */,
				7DFBE6411CCEB1E400973EAA /* BaseAPI.m in Sources */,
				7DFBE6211CCE9F6500973EAA /* AppTheme.m in Sources */,
				7DFBE6401CCEB1E400973EAA /* APIClient.m in Sources */,
				7DFBE6381CCEAFFB00973EAA /* OfferModel.m in Sources */,
				7DFBE6451CCEB8C200973EAA /* FyberCredentialModel.m in Sources */,
				7DFBE5EC1CCE971E00973EAA /* AppDelegate.m in Sources */,
				7DFBE6291CCE9F7A00973EAA /* Constants.m in Sources */,
				7DFBE6421CCEB1E400973EAA /* OffersAPI.m in Sources */,
				7DFBE5E91CCE971E00973EAA /* main.m in Sources */,
			);
			runOnlyForDeploymentPostprocessing = 0;
		};
		7DFBE5F91CCE971E00973EAA /* Sources */ = {
			isa = PBXSourcesBuildPhase;
			buildActionMask = 2147483647;
			files = (
				7DFBE6021CCE971E00973EAA /* FyberOffersTests.m in Sources */,
			);
			runOnlyForDeploymentPostprocessing = 0;
		};
		7DFBE6041CCE971E00973EAA /* Sources */ = {
			isa = PBXSourcesBuildPhase;
			buildActionMask = 2147483647;
			files = (
				7DFBE60D1CCE971E00973EAA /* FyberOffersUITests.m in Sources */,
			);
			runOnlyForDeploymentPostprocessing = 0;
		};
/* End PBXSourcesBuildPhase section */

/* Begin PBXTargetDependency section */
		7DFBE5FF1CCE971E00973EAA /* PBXTargetDependency */ = {
			isa = PBXTargetDependency;
			target = 7DFBE5E31CCE971E00973EAA /* FyberOffers */;
			targetProxy = 7DFBE5FE1CCE971E00973EAA /* PBXContainerItemProxy */;
		};
		7DFBE60A1CCE971E00973EAA /* PBXTargetDependency */ = {
			isa = PBXTargetDependency;
			target = 7DFBE5E31CCE971E00973EAA /* FyberOffers */;
			targetProxy = 7DFBE6091CCE971E00973EAA /* PBXContainerItemProxy */;
		};
/* End PBXTargetDependency section */

/* Begin PBXVariantGroup section */
		7DFBE5F51CCE971E00973EAA /* LaunchScreen.storyboard */ = {
			isa = PBXVariantGroup;
			children = (
				7DFBE5F61CCE971E00973EAA /* Base */,
			);
			name = LaunchScreen.storyboard;
			sourceTree = "<group>";
		};
/* End PBXVariantGroup section */

/* Begin XCBuildConfiguration section */
		7DFBE60F1CCE971E00973EAA /* Debug */ = {
			isa = XCBuildConfiguration;
			buildSettings = {
				ALWAYS_SEARCH_USER_PATHS = NO;
				CLANG_ANALYZER_NONNULL = YES;
				CLANG_CXX_LANGUAGE_STANDARD = "gnu++0x";
				CLANG_CXX_LIBRARY = "libc++";
				CLANG_ENABLE_MODULES = YES;
				CLANG_ENABLE_OBJC_ARC = YES;
				CLANG_WARN_BOOL_CONVERSION = YES;
				CLANG_WARN_CONSTANT_CONVERSION = YES;
				CLANG_WARN_DIRECT_OBJC_ISA_USAGE = YES_ERROR;
				CLANG_WARN_EMPTY_BODY = YES;
				CLANG_WARN_ENUM_CONVERSION = YES;
				CLANG_WARN_INT_CONVERSION = YES;
				CLANG_WARN_OBJC_ROOT_CLASS = YES_ERROR;
				CLANG_WARN_UNREACHABLE_CODE = YES;
				CLANG_WARN__DUPLICATE_METHOD_MATCH = YES;
				"CODE_SIGN_IDENTITY[sdk=iphoneos*]" = "iPhone Developer";
				COPY_PHASE_STRIP = NO;
				DEBUG_INFORMATION_FORMAT = dwarf;
				ENABLE_STRICT_OBJC_MSGSEND = YES;
				ENABLE_TESTABILITY = YES;
				GCC_C_LANGUAGE_STANDARD = gnu99;
				GCC_DYNAMIC_NO_PIC = NO;
				GCC_NO_COMMON_BLOCKS = YES;
				GCC_OPTIMIZATION_LEVEL = 0;
				GCC_PREPROCESSOR_DEFINITIONS = (
					"DEBUG=1",
					"$(inherited)",
				);
				GCC_WARN_64_TO_32_BIT_CONVERSION = YES;
				GCC_WARN_ABOUT_RETURN_TYPE = YES_ERROR;
				GCC_WARN_UNDECLARED_SELECTOR = YES;
				GCC_WARN_UNINITIALIZED_AUTOS = YES_AGGRESSIVE;
				GCC_WARN_UNUSED_FUNCTION = YES;
				GCC_WARN_UNUSED_VARIABLE = YES;
				IPHONEOS_DEPLOYMENT_TARGET = 9.3;
				MTL_ENABLE_DEBUG_INFO = YES;
				ONLY_ACTIVE_ARCH = YES;
				SDKROOT = iphoneos;
			};
			name = Debug;
		};
		7DFBE6101CCE971E00973EAA /* Release */ = {
			isa = XCBuildConfiguration;
			buildSettings = {
				ALWAYS_SEARCH_USER_PATHS = NO;
				CLANG_ANALYZER_NONNULL = YES;
				CLANG_CXX_LANGUAGE_STANDARD = "gnu++0x";
				CLANG_CXX_LIBRARY = "libc++";
				CLANG_ENABLE_MODULES = YES;
				CLANG_ENABLE_OBJC_ARC = YES;
				CLANG_WARN_BOOL_CONVERSION = YES;
				CLANG_WARN_CONSTANT_CONVERSION = YES;
				CLANG_WARN_DIRECT_OBJC_ISA_USAGE = YES_ERROR;
				CLANG_WARN_EMPTY_BODY = YES;
				CLANG_WARN_ENUM_CONVERSION = YES;
				CLANG_WARN_INT_CONVERSION = YES;
				CLANG_WARN_OBJC_ROOT_CLASS = YES_ERROR;
				CLANG_WARN_UNREACHABLE_CODE = YES;
				CLANG_WARN__DUPLICATE_METHOD_MATCH = YES;
				"CODE_SIGN_IDENTITY[sdk=iphoneos*]" = "iPhone Developer";
				COPY_PHASE_STRIP = NO;
				DEBUG_INFORMATION_FORMAT = "dwarf-with-dsym";
				ENABLE_NS_ASSERTIONS = NO;
				ENABLE_STRICT_OBJC_MSGSEND = YES;
				GCC_C_LANGUAGE_STANDARD = gnu99;
				GCC_NO_COMMON_BLOCKS = YES;
				GCC_WARN_64_TO_32_BIT_CONVERSION = YES;
				GCC_WARN_ABOUT_RETURN_TYPE = YES_ERROR;
				GCC_WARN_UNDECLARED_SELECTOR = YES;
				GCC_WARN_UNINITIALIZED_AUTOS = YES_AGGRESSIVE;
				GCC_WARN_UNUSED_FUNCTION = YES;
				GCC_WARN_UNUSED_VARIABLE = YES;
				IPHONEOS_DEPLOYMENT_TARGET = 9.3;
				MTL_ENABLE_DEBUG_INFO = NO;
				SDKROOT = iphoneos;
				VALIDATE_PRODUCT = YES;
			};
			name = Release;
		};
		7DFBE6121CCE971E00973EAA /* Debug */ = {
			isa = XCBuildConfiguration;
			baseConfigurationReference = 080CEE9C8E2389BFA8F70AFA /* Pods-FyberOffers.debug.xcconfig */;
			buildSettings = {
				ASSETCATALOG_COMPILER_APPICON_NAME = AppIcon;
				INFOPLIST_FILE = FyberOffers/Info.plist;
				IPHONEOS_DEPLOYMENT_TARGET = 8.0;
				LD_RUNPATH_SEARCH_PATHS = "$(inherited) @executable_path/Frameworks";
				PRODUCT_BUNDLE_IDENTIFIER = com.nabeelarif.FyberOffers;
				PRODUCT_NAME = "$(TARGET_NAME)";
			};
			name = Debug;
		};
		7DFBE6131CCE971E00973EAA /* Release */ = {
			isa = XCBuildConfiguration;
			baseConfigurationReference = 1CA4461EB5055AB73856DA54 /* Pods-FyberOffers.release.xcconfig */;
			buildSettings = {
				ASSETCATALOG_COMPILER_APPICON_NAME = AppIcon;
				INFOPLIST_FILE = FyberOffers/Info.plist;
				IPHONEOS_DEPLOYMENT_TARGET = 8.0;
				LD_RUNPATH_SEARCH_PATHS = "$(inherited) @executable_path/Frameworks";
				PRODUCT_BUNDLE_IDENTIFIER = com.nabeelarif.FyberOffers;
				PRODUCT_NAME = "$(TARGET_NAME)";
			};
			name = Release;
		};
		7DFBE6151CCE971E00973EAA /* Debug */ = {
			isa = XCBuildConfiguration;
			buildSettings = {
				BUNDLE_LOADER = "$(TEST_HOST)";
				INFOPLIST_FILE = FyberOffersTests/Info.plist;
				LD_RUNPATH_SEARCH_PATHS = "$(inherited) @executable_path/Frameworks @loader_path/Frameworks";
				PRODUCT_BUNDLE_IDENTIFIER = com.nabeelarif.FyberOffersTests;
				PRODUCT_NAME = "$(TARGET_NAME)";
				TEST_HOST = "$(BUILT_PRODUCTS_DIR)/FyberOffers.app/FyberOffers";
			};
			name = Debug;
		};
		7DFBE6161CCE971E00973EAA /* Release */ = {
			isa = XCBuildConfiguration;
			buildSettings = {
				BUNDLE_LOADER = "$(TEST_HOST)";
				INFOPLIST_FILE = FyberOffersTests/Info.plist;
				LD_RUNPATH_SEARCH_PATHS = "$(inherited) @executable_path/Frameworks @loader_path/Frameworks";
				PRODUCT_BUNDLE_IDENTIFIER = com.nabeelarif.FyberOffersTests;
				PRODUCT_NAME = "$(TARGET_NAME)";
				TEST_HOST = "$(BUILT_PRODUCTS_DIR)/FyberOffers.app/FyberOffers";
			};
			name = Release;
		};
		7DFBE6181CCE971E00973EAA /* Debug */ = {
			isa = XCBuildConfiguration;
			buildSettings = {
				INFOPLIST_FILE = FyberOffersUITests/Info.plist;
				LD_RUNPATH_SEARCH_PATHS = "$(inherited) @executable_path/Frameworks @loader_path/Frameworks";
				PRODUCT_BUNDLE_IDENTIFIER = com.nabeelarif.FyberOffersUITests;
				PRODUCT_NAME = "$(TARGET_NAME)";
				TEST_TARGET_NAME = FyberOffers;
			};
			name = Debug;
		};
		7DFBE6191CCE971E00973EAA /* Release */ = {
			isa = XCBuildConfiguration;
			buildSettings = {
				INFOPLIST_FILE = FyberOffersUITests/Info.plist;
				LD_RUNPATH_SEARCH_PATHS = "$(inherited) @executable_path/Frameworks @loader_path/Frameworks";
				PRODUCT_BUNDLE_IDENTIFIER = com.nabeelarif.FyberOffersUITests;
				PRODUCT_NAME = "$(TARGET_NAME)";
				TEST_TARGET_NAME = FyberOffers;
			};
			name = Release;
		};
/* End XCBuildConfiguration section */

/* Begin XCConfigurationList section */
		7DFBE5DF1CCE971E00973EAA /* Build configuration list for PBXProject "FyberOffers" */ = {
			isa = XCConfigurationList;
			buildConfigurations = (
				7DFBE60F1CCE971E00973EAA /* Debug */,
				7DFBE6101CCE971E00973EAA /* Release */,
			);
			defaultConfigurationIsVisible = 0;
			defaultConfigurationName = Release;
		};
		7DFBE6111CCE971E00973EAA /* Build configuration list for PBXNativeTarget "FyberOffers" */ = {
			isa = XCConfigurationList;
			buildConfigurations = (
				7DFBE6121CCE971E00973EAA /* Debug */,
				7DFBE6131CCE971E00973EAA /* Release */,
			);
			defaultConfigurationIsVisible = 0;
			defaultConfigurationName = Release;
		};
		7DFBE6141CCE971E00973EAA /* Build configuration list for PBXNativeTarget "FyberOffersTests" */ = {
			isa = XCConfigurationList;
			buildConfigurations = (
				7DFBE6151CCE971E00973EAA /* Debug */,
				7DFBE6161CCE971E00973EAA /* Release */,
			);
			defaultConfigurationIsVisible = 0;
			defaultConfigurationName = Release;
		};
		7DFBE6171CCE971E00973EAA /* Build configuration list for PBXNativeTarget "FyberOffersUITests" */ = {
			isa = XCConfigurationList;
			buildConfigurations = (
				7DFBE6181CCE971E00973EAA /* Debug */,
				7DFBE6191CCE971E00973EAA /* Release */,
			);
			defaultConfigurationIsVisible = 0;
			defaultConfigurationName = Release;
		};
/* End XCConfigurationList section */
	};
	rootObject = 7DFBE5DC1CCE971E00973EAA /* Project object */;
}
